// !$*UTF8*$!
{
	archiveVersion = 1;
	classes = {
	};
	objectVersion = 46;
	objects = {

/* Begin PBXBuildFile section */
		F23804351C829C730056D9D0 /* main.m in Sources */ = {isa = PBXBuildFile; fileRef = F23804341C829C730056D9D0 /* main.m */; };
		F23804381C829C730056D9D0 /* AppDelegate.m in Sources */ = {isa = PBXBuildFile; fileRef = F23804371C829C730056D9D0 /* AppDelegate.m */; };
		F238043E1C829C730056D9D0 /* Main.storyboard in Resources */ = {isa = PBXBuildFile; fileRef = F238043C1C829C730056D9D0 /* Main.storyboard */; };
		F23804401C829C730056D9D0 /* Assets.xcassets in Resources */ = {isa = PBXBuildFile; fileRef = F238043F1C829C730056D9D0 /* Assets.xcassets */; };
		F23804431C829C730056D9D0 /* LaunchScreen.storyboard in Resources */ = {isa = PBXBuildFile; fileRef = F23804411C829C730056D9D0 /* LaunchScreen.storyboard */; };
		F238044E1C829C730056D9D0 /* SearchTests.m in Sources */ = {isa = PBXBuildFile; fileRef = F238044D1C829C730056D9D0 /* SearchTests.m */; };
		F24EC20B1C82D72E005146B0 /* SearchViewController.m in Sources */ = {isa = PBXBuildFile; fileRef = F24EC20A1C82D72E005146B0 /* SearchViewController.m */; };
		F24EC20E1C82ECDE005146B0 /* ResultTableViewController.m in Sources */ = {isa = PBXBuildFile; fileRef = F24EC20D1C82ECDE005146B0 /* ResultTableViewController.m */; };
		F24EC2111C832FD3005146B0 /* BookInfoViewController.m in Sources */ = {isa = PBXBuildFile; fileRef = F24EC2101C832FD3005146B0 /* BookInfoViewController.m */; };
/* End PBXBuildFile section */

/* Begin PBXContainerItemProxy section */
		F238044A1C829C730056D9D0 /* PBXContainerItemProxy */ = {
			isa = PBXContainerItemProxy;
			containerPortal = F23804281C829C730056D9D0 /* Project object */;
			proxyType = 1;
			remoteGlobalIDString = F238042F1C829C730056D9D0;
			remoteInfo = Search;
		};
/* End PBXContainerItemProxy section */

/* Begin PBXFileReference section */
		F23804301C829C730056D9D0 /* Search.app */ = {isa = PBXFileReference; explicitFileType = wrapper.application; includeInIndex = 0; path = Search.app; sourceTree = BUILT_PRODUCTS_DIR; };
		F23804341C829C730056D9D0 /* main.m */ = {isa = PBXFileReference; lastKnownFileType = sourcecode.c.objc; path = main.m; sourceTree = "<group>"; };
		F23804361C829C730056D9D0 /* AppDelegate.h */ = {isa = PBXFileReference; lastKnownFileType = sourcecode.c.h; path = AppDelegate.h; sourceTree = "<group>"; };
		F23804371C829C730056D9D0 /* AppDelegate.m */ = {isa = PBXFileReference; lastKnownFileType = sourcecode.c.objc; path = AppDelegate.m; sourceTree = "<group>"; };
		F238043D1C829C730056D9D0 /* Base */ = {isa = PBXFileReference; lastKnownFileType = file.storyboard; name = Base; path = Base.lproj/Main.storyboard; sourceTree = "<group>"; };
		F238043F1C829C730056D9D0 /* Assets.xcassets */ = {isa = PBXFileReference; lastKnownFileType = folder.assetcatalog; path = Assets.xcassets; sourceTree = "<group>"; };
		F23804421C829C730056D9D0 /* Base */ = {isa = PBXFileReference; lastKnownFileType = file.storyboard; name = Base; path = Base.lproj/LaunchScreen.storyboard; sourceTree = "<group>"; };
		F23804441C829C730056D9D0 /* Info.plist */ = {isa = PBXFileReference; lastKnownFileType = text.plist.xml; path = Info.plist; sourceTree = "<group>"; };
		F23804491C829C730056D9D0 /* SearchTests.xctest */ = {isa = PBXFileReference; explicitFileType = wrapper.cfbundle; includeInIndex = 0; path = SearchTests.xctest; sourceTree = BUILT_PRODUCTS_DIR; };
		F238044D1C829C730056D9D0 /* SearchTests.m */ = {isa = PBXFileReference; lastKnownFileType = sourcecode.c.objc; path = SearchTests.m; sourceTree = "<group>"; };
		F238044F1C829C730056D9D0 /* Info.plist */ = {isa = PBXFileReference; lastKnownFileType = text.plist.xml; path = Info.plist; sourceTree = "<group>"; };
		F24EC2091C82D72E005146B0 /* SearchViewController.h */ = {isa = PBXFileReference; fileEncoding = 4; lastKnownFileType = sourcecode.c.h; path = SearchViewController.h; sourceTree = "<group>"; };
		F24EC20A1C82D72E005146B0 /* SearchViewController.m */ = {isa = PBXFileReference; fileEncoding = 4; lastKnownFileType = sourcecode.c.objc; path = SearchViewController.m; sourceTree = "<group>"; };
		F24EC20C1C82ECDE005146B0 /* ResultTableViewController.h */ = {isa = PBXFileReference; fileEncoding = 4; lastKnownFileType = sourcecode.c.h; path = ResultTableViewController.h; sourceTree = "<group>"; };
		F24EC20D1C82ECDE005146B0 /* ResultTableViewController.m */ = {isa = PBXFileReference; fileEncoding = 4; lastKnownFileType = sourcecode.c.objc; path = ResultTableViewController.m; sourceTree = "<group>"; };
		F24EC20F1C832FD3005146B0 /* BookInfoViewController.h */ = {isa = PBXFileReference; fileEncoding = 4; lastKnownFileType = sourcecode.c.h; path = BookInfoViewController.h; sourceTree = "<group>"; };
		F24EC2101C832FD3005146B0 /* BookInfoViewController.m */ = {isa = PBXFileReference; fileEncoding = 4; lastKnownFileType = sourcecode.c.objc; path = BookInfoViewController.m; sourceTree = "<group>"; };
/* End PBXFileReference section */

/* Begin PBXFrameworksBuildPhase section */
		F238042D1C829C730056D9D0 /* Frameworks */ = {
			isa = PBXFrameworksBuildPhase;
			buildActionMask = 2147483647;
			files = (
			);
			runOnlyForDeploymentPostprocessing = 0;
		};
		F23804461C829C730056D9D0 /* Frameworks */ = {
			isa = PBXFrameworksBuildPhase;
			buildActionMask = 2147483647;
			files = (
			);
			runOnlyForDeploymentPostprocessing = 0;
		};
/* End PBXFrameworksBuildPhase section */

/* Begin PBXGroup section */
		F23804271C829C730056D9D0 = {
			isa = PBXGroup;
			children = (
				F23804321C829C730056D9D0 /* Search */,
				F238044C1C829C730056D9D0 /* SearchTests */,
				F23804311C829C730056D9D0 /* Products */,
			);
			sourceTree = "<group>";
		};
		F23804311C829C730056D9D0 /* Products */ = {
			isa = PBXGroup;
			children = (
				F23804301C829C730056D9D0 /* Search.app */,
				F23804491C829C730056D9D0 /* SearchTests.xctest */,
			);
			name = Products;
			sourceTree = "<group>";
		};
		F23804321C829C730056D9D0 /* Search */ = {
			isa = PBXGroup;
			children = (
				F23804361C829C730056D9D0 /* AppDelegate.h */,
				F23804371C829C730056D9D0 /* AppDelegate.m */,
				F238043C1C829C730056D9D0 /* Main.storyboard */,
				F24EC2091C82D72E005146B0 /* SearchViewController.h */,
				F24EC20A1C82D72E005146B0 /* SearchViewController.m */,
				F24EC20C1C82ECDE005146B0 /* ResultTableViewController.h */,
				F24EC20D1C82ECDE005146B0 /* ResultTableViewController.m */,
				F24EC20F1C832FD3005146B0 /* BookInfoViewController.h */,
				F24EC2101C832FD3005146B0 /* BookInfoViewController.m */,
				F238043F1C829C730056D9D0 /* Assets.xcassets */,
				F23804411C829C730056D9D0 /* LaunchScreen.storyboard */,
				F23804441C829C730056D9D0 /* Info.plist */,
				F23804331C829C730056D9D0 /* Supporting Files */,
			);
			path = Search;
			sourceTree = "<group>";
		};
		F23804331C829C730056D9D0 /* Supporting Files */ = {
			isa = PBXGroup;
			children = (
				F23804341C829C730056D9D0 /* main.m */,
			);
			name = "Supporting Files";
			sourceTree = "<group>";
		};
		F238044C1C829C730056D9D0 /* SearchTests */ = {
			isa = PBXGroup;
			children = (
				F238044D1C829C730056D9D0 /* SearchTests.m */,
				F238044F1C829C730056D9D0 /* Info.plist */,
			);
			path = SearchTests;
			sourceTree = "<group>";
		};
/* End PBXGroup section */

/* Begin PBXNativeTarget section */
		F238042F1C829C730056D9D0 /* Search */ = {
			isa = PBXNativeTarget;
			buildConfigurationList = F23804521C829C730056D9D0 /* Build configuration list for PBXNativeTarget "Search" */;
			buildPhases = (
				F238042C1C829C730056D9D0 /* Sources */,
				F238042D1C829C730056D9D0 /* Frameworks */,
				F238042E1C829C730056D9D0 /* Resources */,
			);
			buildRules = (
			);
			dependencies = (
			);
			name = Search;
			productName = Search;
			productReference = F23804301C829C730056D9D0 /* Search.app */;
			productType = "com.apple.product-type.application";
		};
		F23804481C829C730056D9D0 /* SearchTests */ = {
			isa = PBXNativeTarget;
			buildConfigurationList = F23804551C829C730056D9D0 /* Build configuration list for PBXNativeTarget "SearchTests" */;
			buildPhases = (
				F23804451C829C730056D9D0 /* Sources */,
				F23804461C829C730056D9D0 /* Frameworks */,
				F23804471C829C730056D9D0 /* Resources */,
			);
			buildRules = (
			);
			dependencies = (
				F238044B1C829C730056D9D0 /* PBXTargetDependency */,
			);
			name = SearchTests;
			productName = SearchTests;
			productReference = F23804491C829C730056D9D0 /* SearchTests.xctest */;
			productType = "com.apple.product-type.bundle.unit-test";
		};
/* End PBXNativeTarget section */

/* Begin PBXProject section */
		F23804281C829C730056D9D0 /* Project object */ = {
			isa = PBXProject;
			attributes = {
				LastUpgradeCheck = 0720;
				ORGANIZATIONNAME = DeviL;
				TargetAttributes = {
					F238042F1C829C730056D9D0 = {
						CreatedOnToolsVersion = 7.2;
						DevelopmentTeam = 56BYA8V88B;
					};
					F23804481C829C730056D9D0 = {
						CreatedOnToolsVersion = 7.2;
						DevelopmentTeam = 56BYA8V88B;
						TestTargetID = F238042F1C829C730056D9D0;
					};
				};
			};
			buildConfigurationList = F238042B1C829C730056D9D0 /* Build configuration list for PBXProject "Search" */;
			compatibilityVersion = "Xcode 3.2";
			developmentRegion = English;
			hasScannedForEncodings = 0;
			knownRegions = (
				en,
				Base,
			);
			mainGroup = F23804271C829C730056D9D0;
			productRefGroup = F23804311C829C730056D9D0 /* Products */;
			projectDirPath = "";
			projectRoot = "";
			targets = (
				F238042F1C829C730056D9D0 /* Search */,
				F23804481C829C730056D9D0 /* SearchTests */,
			);
		};
/* End PBXProject section */

/* Begin PBXResourcesBuildPhase section */
		F238042E1C829C730056D9D0 /* Resources */ = {
			isa = PBXResourcesBuildPhase;
			buildActionMask = 2147483647;
			files = (
				F23804431C829C730056D9D0 /* LaunchScreen.storyboard in Resources */,
				F23804401C829C730056D9D0 /* Assets.xcassets in Resources */,
				F238043E1C829C730056D9D0 /* Main.storyboard in Resources */,
			);
			runOnlyForDeploymentPostprocessing = 0;
		};
		F23804471C829C730056D9D0 /* Resources */ = {
			isa = PBXResourcesBuildPhase;
			buildActionMask = 2147483647;
			files = (
			);
			runOnlyForDeploymentPostprocessing = 0;
		};
/* End PBXResourcesBuildPhase section */

/* Begin PBXSourcesBuildPhase section */
		F238042C1C829C730056D9D0 /* Sources */ = {
			isa = PBXSourcesBuildPhase;
			buildActionMask = 2147483647;
			files = (
				F24EC20E1C82ECDE005146B0 /* ResultTableViewController.m in Sources */,
				F24EC2111C832FD3005146B0 /* BookInfoViewController.m in Sources */,
				F23804381C829C730056D9D0 /* AppDelegate.m in Sources */,
				F24EC20B1C82D72E005146B0 /* SearchViewController.m in Sources */,
				F23804351C829C730056D9D0 /* main.m in Sources */,
			);
			runOnlyForDeploymentPostprocessing = 0;
		};
		F23804451C829C730056D9D0 /* Sources */ = {
			isa = PBXSourcesBuildPhase;
			buildActionMask = 2147483647;
			files = (
				F238044E1C829C730056D9D0 /* SearchTests.m in Sources */,
			);
			runOnlyForDeploymentPostprocessing = 0;
		};
/* End PBXSourcesBuildPhase section */

/* Begin PBXTargetDependency section */
		F238044B1C829C730056D9D0 /* PBXTargetDependency */ = {
			isa = PBXTargetDependency;
			target = F238042F1C829C730056D9D0 /* Search */;
			targetProxy = F238044A1C829C730056D9D0 /* PBXContainerItemProxy */;
		};
/* End PBXTargetDependency section */

/* Begin PBXVariantGroup section */
		F238043C1C829C730056D9D0 /* Main.storyboard */ = {
			isa = PBXVariantGroup;
			children = (
				F238043D1C829C730056D9D0 /* Base */,
			);
			name = Main.storyboard;
			sourceTree = "<group>";
		};
		F23804411C829C730056D9D0 /* LaunchScreen.storyboard */ = {
			isa = PBXVariantGroup;
			children = (
				F23804421C829C730056D9D0 /* Base */,
			);
			name = LaunchScreen.storyboard;
			sourceTree = "<group>";
		};
/* End PBXVariantGroup section */

/* Begin XCBuildConfiguration section */
		F23804501C829C730056D9D0 /* Debug */ = {
			isa = XCBuildConfiguration;
			buildSettings = {
				ALWAYS_SEARCH_USER_PATHS = NO;
				CLANG_CXX_LANGUAGE_STANDARD = "gnu++0x";
				CLANG_CXX_LIBRARY = "libc++";
				CLANG_ENABLE_MODULES = YES;
				CLANG_ENABLE_OBJC_ARC = YES;
				CLANG_WARN_BOOL_CONVERSION = YES;
				CLANG_WARN_CONSTANT_CONVERSION = YES;
				CLANG_WARN_DIRECT_OBJC_ISA_USAGE = YES_ERROR;
				CLANG_WARN_EMPTY_BODY = YES;
				CLANG_WARN_ENUM_CONVERSION = YES;
				CLANG_WARN_INT_CONVERSION = YES;
				CLANG_WARN_OBJC_ROOT_CLASS = YES_ERROR;
				CLANG_WARN_UNREACHABLE_CODE = YES;
				CLANG_WARN__DUPLICATE_METHOD_MATCH = YES;
				"CODE_SIGN_IDENTITY[sdk=iphoneos*]" = "iPhone Developer";
				COPY_PHASE_STRIP = NO;
				DEBUG_INFORMATION_FORMAT = dwarf;
				ENABLE_STRICT_OBJC_MSGSEND = YES;
				ENABLE_TESTABILITY = YES;
				GCC_C_LANGUAGE_STANDARD = gnu99;
				GCC_DYNAMIC_NO_PIC = NO;
				GCC_NO_COMMON_BLOCKS = YES;
				GCC_OPTIMIZATION_LEVEL = 0;
				GCC_PREPROCESSOR_DEFINITIONS = (
					"DEBUG=1",
					"$(inherited)",
				);
				GCC_WARN_64_TO_32_BIT_CONVERSION = YES;
				GCC_WARN_ABOUT_RETURN_TYPE = YES_ERROR;
				GCC_WARN_UNDECLARED_SELECTOR = YES;
				GCC_WARN_UNINITIALIZED_AUTOS = YES_AGGRESSIVE;
				GCC_WARN_UNUSED_FUNCTION = YES;
				GCC_WARN_UNUSED_VARIABLE = YES;
				IPHONEOS_DEPLOYMENT_TARGET = 9.2;
				MTL_ENABLE_DEBUG_INFO = YES;
				ONLY_ACTIVE_ARCH = YES;
				SDKROOT = iphoneos;
				TARGETED_DEVICE_FAMILY = "1,2";
			};
			name = Debug;
		};
		F23804511C829C730056D9D0 /* Release */ = {
			isa = XCBuildConfiguration;
			buildSettings = {
				ALWAYS_SEARCH_USER_PATHS = NO;
				CLANG_CXX_LANGUAGE_STANDARD = "gnu++0x";
				CLANG_CXX_LIBRARY = "libc++";
				CLANG_ENABLE_MODULES = YES;
				CLANG_ENABLE_OBJC_ARC = YES;
				CLANG_WARN_BOOL_CONVERSION = YES;
				CLANG_WARN_CONSTANT_CONVERSION = YES;
				CLANG_WARN_DIRECT_OBJC_ISA_USAGE = YES_ERROR;
				CLANG_WARN_EMPTY_BODY = YES;
				CLANG_WARN_ENUM_CONVERSION = YES;
				CLANG_WARN_INT_CONVERSION = YES;
				CLANG_WARN_OBJC_ROOT_CLASS = YES_ERROR;
				CLANG_WARN_UNREACHABLE_CODE = YES;
				CLANG_WARN__DUPLICATE_METHOD_MATCH = YES;
				"CODE_SIGN_IDENTITY[sdk=iphoneos*]" = "iPhone Developer";
				COPY_PHASE_STRIP = NO;
				DEBUG_INFORMATION_FORMAT = "dwarf-with-dsym";
				ENABLE_NS_ASSERTIONS = NO;
				ENABLE_STRICT_OBJC_MSGSEND = YES;
				GCC_C_LANGUAGE_STANDARD = gnu99;
				GCC_NO_COMMON_BLOCKS = YES;
				GCC_WARN_64_TO_32_BIT_CONVERSION = YES;
				GCC_WARN_ABOUT_RETURN_TYPE = YES_ERROR;
				GCC_WARN_UNDECLARED_SELECTOR = YES;
				GCC_WARN_UNINITIALIZED_AUTOS = YES_AGGRESSIVE;
				GCC_WARN_UNUSED_FUNCTION = YES;
				GCC_WARN_UNUSED_VARIABLE = YES;
				IPHONEOS_DEPLOYMENT_TARGET = 9.2;
				MTL_ENABLE_DEBUG_INFO = NO;
				SDKROOT = iphoneos;
				TARGETED_DEVICE_FAMILY = "1,2";
				VALIDATE_PRODUCT = YES;
			};
			name = Release;
		};
		F23804531C829C730056D9D0 /* Debug */ = {
			isa = XCBuildConfiguration;
			buildSettings = {
				ASSETCATALOG_COMPILER_APPICON_NAME = AppIcon;
				INFOPLIST_FILE = Search/Info.plist;
				IPHONEOS_DEPLOYMENT_TARGET = 8.0;
				LD_RUNPATH_SEARCH_PATHS = "$(inherited) @executable_path/Frameworks";
				PRODUCT_BUNDLE_IDENTIFIER = com.example.DeviL.Search;
				PRODUCT_NAME = "$(TARGET_NAME)";
			};
			name = Debug;
		};
		F23804541C829C730056D9D0 /* Release */ = {
			isa = XCBuildConfiguration;
			buildSettings = {
				ASSETCATALOG_COMPILER_APPICON_NAME = AppIcon;
				INFOPLIST_FILE = Search/Info.plist;
				IPHONEOS_DEPLOYMENT_TARGET = 8.0;
				LD_RUNPATH_SEARCH_PATHS = "$(inherited) @executable_path/Frameworks";
				PRODUCT_BUNDLE_IDENTIFIER = com.example.DeviL.Search;
				PRODUCT_NAME = "$(TARGET_NAME)";
			};
			name = Release;
		};
		F23804561C829C730056D9D0 /* Debug */ = {
			isa = XCBuildConfiguration;
			buildSettings = {
				BUNDLE_LOADER = "$(TEST_HOST)";
				INFOPLIST_FILE = SearchTests/Info.plist;
				LD_RUNPATH_SEARCH_PATHS = "$(inherited) @executable_path/Frameworks @loader_path/Frameworks";
				PRODUCT_BUNDLE_IDENTIFIER = com.example.DeviL.SearchTests;
				PRODUCT_NAME = "$(TARGET_NAME)";
				TEST_HOST = "$(BUILT_PRODUCTS_DIR)/Search.app/Search";
			};
			name = Debug;
		};
		F23804571C829C730056D9D0 /* Release */ = {
			isa = XCBuildConfiguration;
			buildSettings = {
				BUNDLE_LOADER = "$(TEST_HOST)";
				INFOPLIST_FILE = SearchTests/Info.plist;
				LD_RUNPATH_SEARCH_PATHS = "$(inherited) @executable_path/Frameworks @loader_path/Frameworks";
				PRODUCT_BUNDLE_IDENTIFIER = com.example.DeviL.SearchTests;
				PRODUCT_NAME = "$(TARGET_NAME)";
				TEST_HOST = "$(BUILT_PRODUCTS_DIR)/Search.app/Search";
			};
			name = Release;
		};
/* End XCBuildConfiguration section */

/* Begin XCConfigurationList section */
		F238042B1C829C730056D9D0 /* Build configuration list for PBXProject "Search" */ = {
			isa = XCConfigurationList;
			buildConfigurations = (
				F23804501C829C730056D9D0 /* Debug */,
				F23804511C829C730056D9D0 /* Release */,
			);
			defaultConfigurationIsVisible = 0;
			defaultConfigurationName = Release;
		};
		F23804521C829C730056D9D0 /* Build configuration list for PBXNativeTarget "Search" */ = {
			isa = XCConfigurationList;
			buildConfigurations = (
				F23804531C829C730056D9D0 /* Debug */,
				F23804541C829C730056D9D0 /* Release */,
			);
			defaultConfigurationIsVisible = 0;
			defaultConfigurationName = Release;
		};
		F23804551C829C730056D9D0 /* Build configuration list for PBXNativeTarget "SearchTests" */ = {
			isa = XCConfigurationList;
			buildConfigurations = (
				F23804561C829C730056D9D0 /* Debug */,
				F23804571C829C730056D9D0 /* Release */,
			);
			defaultConfigurationIsVisible = 0;
			defaultConfigurationName = Release;
		};
/* End XCConfigurationList section */
	};
	rootObject = F23804281C829C730056D9D0 /* Project object */;
}
